{
  "name": "phase-4-deploying-app-demo",
  "lockfileVersion": 2,
  "requires": true,
  "packages": {
    "": {
      "name": "phase-4-deploying-app-demo",
      "dependencies": {
        "axios": "^0.25.0",
        "materialize-css": "^1.0.0-rc.2"
      },
      "engines": {
        "node": "16.x"
      }
    },
    "node_modules/axios": {
      "version": "0.25.0",
      "license": "MIT",
      "dependencies": {
        "follow-redirects": "^1.14.7"
      }
    },
    "node_modules/follow-redirects": {
      "version": "1.14.8",
      "funding": [
        {
          "type": "individual",
          "url": "https://github.com/sponsors/RubenVerborgh"
        }
      ],
      "license": "MIT",
      "engines": {
        "node": ">=4.0"
      },
      "peerDependenciesMeta": {
        "debug": {
          "optional": true
        }
      }
    },
    "node_modules/materialize-css": {
      "version": "1.0.0-rc.2",
      "license": "MIT"
    }
  },
  "dependencies": {
    "axios": {
      "version": "0.25.0",
      "requires": {
        "follow-redirects": "^1.14.7"
      }
    },
    "follow-redirects": {
      "version": "1.14.8"
    },
    "materialize-css": {
      "version": "1.0.0-rc.2"
    }
  }
}
